// !$*UTF8*$!
{
	archiveVersion = 1;
	classes = {
	};
	objectVersion = 50;
	objects = {

/* Begin PBXBuildFile section */
		4D16A57E22082A78003BD7AD /* AppDelegate.swift in Sources */ = {isa = PBXBuildFile; fileRef = 4D16A57D22082A78003BD7AD /* AppDelegate.swift */; };
		4D16A58322082A78003BD7AD /* Main.storyboard in Resources */ = {isa = PBXBuildFile; fileRef = 4D16A58122082A78003BD7AD /* Main.storyboard */; };
		4D16A58822082A78003BD7AD /* LaunchScreen.storyboard in Resources */ = {isa = PBXBuildFile; fileRef = 4D16A58622082A78003BD7AD /* LaunchScreen.storyboard */; };
		4D379A6A221FFF0600F2C9EB /* TabBarSetup.swift in Sources */ = {isa = PBXBuildFile; fileRef = 4D379A69221FFF0600F2C9EB /* TabBarSetup.swift */; };
		4D8003CE222438BD00C310BB /* TranslateService.swift in Sources */ = {isa = PBXBuildFile; fileRef = 4D8003CD222438BD00C310BB /* TranslateService.swift */; };
		4D8003D02224397F00C310BB /* WeatherService.swift in Sources */ = {isa = PBXBuildFile; fileRef = 4D8003CF2224397F00C310BB /* WeatherService.swift */; };
		4D8003D2222439A000C310BB /* CityWeather.swift in Sources */ = {isa = PBXBuildFile; fileRef = 4D8003D1222439A000C310BB /* CityWeather.swift */; };
		4D8003D4222439B800C310BB /* Translation.swift in Sources */ = {isa = PBXBuildFile; fileRef = 4D8003D3222439B800C310BB /* Translation.swift */; };
		4D8003D622253D0C00C310BB /* Currency.swift in Sources */ = {isa = PBXBuildFile; fileRef = 4D8003D522253D0C00C310BB /* Currency.swift */; };
		4D8D2BF0221D872C001D24B5 /* Assets.xcassets in Resources */ = {isa = PBXBuildFile; fileRef = 4D8D2BEF221D872C001D24B5 /* Assets.xcassets */; };
		4D8D2BF2221D88AB001D24B5 /* ExchangeRateViewController.swift in Sources */ = {isa = PBXBuildFile; fileRef = 4D8D2BF1221D88AB001D24B5 /* ExchangeRateViewController.swift */; };
		4DA477D3222927BA00FF37BE /* ExchangeRateServiceTestCase.swift in Sources */ = {isa = PBXBuildFile; fileRef = 4DA477D2222927BA00FF37BE /* ExchangeRateServiceTestCase.swift */; };
		4DA477D92229287D00FF37BE /* CityWeather.json in Resources */ = {isa = PBXBuildFile; fileRef = 4DA477D82229287D00FF37BE /* CityWeather.json */; };
		4DA477DB222928DB00FF37BE /* ExchangeRate.json in Resources */ = {isa = PBXBuildFile; fileRef = 4DA477DA222928DB00FF37BE /* ExchangeRate.json */; };
		4DA477DF222929CA00FF37BE /* FakeResponseData.swift in Sources */ = {isa = PBXBuildFile; fileRef = 4DA477DE222929CA00FF37BE /* FakeResponseData.swift */; };
		4DA477E1222930C900FF37BE /* URLSessionFake.swift in Sources */ = {isa = PBXBuildFile; fileRef = 4DA477E0222930C900FF37BE /* URLSessionFake.swift */; };
		4DA477E32229E31A00FF37BE /* WeatherServiceTestCase.swift in Sources */ = {isa = PBXBuildFile; fileRef = 4DA477E22229E31A00FF37BE /* WeatherServiceTestCase.swift */; };
		4DD8B9A1222D308800313764 /* APIKeys.swift in Sources */ = {isa = PBXBuildFile; fileRef = 4DD8B9A0222D308800313764 /* APIKeys.swift */; };
		4DD8B9A3222D38C900313764 /* Translation.json in Resources */ = {isa = PBXBuildFile; fileRef = 4DD8B9A2222D38C900313764 /* Translation.json */; };
		4DD8B9A7222D751B00313764 /* TranslateServiceTestCase.swift in Sources */ = {isa = PBXBuildFile; fileRef = 4DD8B9A6222D751B00313764 /* TranslateServiceTestCase.swift */; };
		4DFB654E221AC96C0039BE91 /* WeatherViewController.swift in Sources */ = {isa = PBXBuildFile; fileRef = 4DFB654D221AC96C0039BE91 /* WeatherViewController.swift */; };
		4DFB6550221AC9860039BE91 /* TranslateViewController.swift in Sources */ = {isa = PBXBuildFile; fileRef = 4DFB654F221AC9860039BE91 /* TranslateViewController.swift */; };
		4DFB6552221ACEEB0039BE91 /* ExchangeRateService.swift in Sources */ = {isa = PBXBuildFile; fileRef = 4DFB6551221ACEEB0039BE91 /* ExchangeRateService.swift */; };
		4DFB6554221AE40F0039BE91 /* ExchangeRate.swift in Sources */ = {isa = PBXBuildFile; fileRef = 4DFB6553221AE40F0039BE91 /* ExchangeRate.swift */; };
/* End PBXBuildFile section */

/* Begin PBXContainerItemProxy section */
		4DA477CD2229277C00FF37BE /* PBXContainerItemProxy */ = {
			isa = PBXContainerItemProxy;
			containerPortal = 4D16A57222082A78003BD7AD /* Project object */;
			proxyType = 1;
			remoteGlobalIDString = 4D16A57922082A78003BD7AD;
			remoteInfo = Baluchon;
		};
/* End PBXContainerItemProxy section */

/* Begin PBXFileReference section */
		4D16A57A22082A78003BD7AD /* Baluchon.app */ = {isa = PBXFileReference; explicitFileType = wrapper.application; includeInIndex = 0; path = Baluchon.app; sourceTree = BUILT_PRODUCTS_DIR; };
		4D16A57D22082A78003BD7AD /* AppDelegate.swift */ = {isa = PBXFileReference; lastKnownFileType = sourcecode.swift; path = AppDelegate.swift; sourceTree = "<group>"; };
		4D16A58222082A78003BD7AD /* Base */ = {isa = PBXFileReference; lastKnownFileType = file.storyboard; name = Base; path = Base.lproj/Main.storyboard; sourceTree = "<group>"; };
		4D16A58722082A78003BD7AD /* Base */ = {isa = PBXFileReference; lastKnownFileType = file.storyboard; name = Base; path = Base.lproj/LaunchScreen.storyboard; sourceTree = "<group>"; };
		4D16A58922082A78003BD7AD /* Info.plist */ = {isa = PBXFileReference; lastKnownFileType = text.plist.xml; path = Info.plist; sourceTree = "<group>"; };
		4D379A69221FFF0600F2C9EB /* TabBarSetup.swift */ = {isa = PBXFileReference; lastKnownFileType = sourcecode.swift; path = TabBarSetup.swift; sourceTree = "<group>"; };
		4D8003CD222438BD00C310BB /* TranslateService.swift */ = {isa = PBXFileReference; lastKnownFileType = sourcecode.swift; path = TranslateService.swift; sourceTree = "<group>"; };
		4D8003CF2224397F00C310BB /* WeatherService.swift */ = {isa = PBXFileReference; lastKnownFileType = sourcecode.swift; path = WeatherService.swift; sourceTree = "<group>"; };
		4D8003D1222439A000C310BB /* CityWeather.swift */ = {isa = PBXFileReference; lastKnownFileType = sourcecode.swift; path = CityWeather.swift; sourceTree = "<group>"; };
		4D8003D3222439B800C310BB /* Translation.swift */ = {isa = PBXFileReference; lastKnownFileType = sourcecode.swift; path = Translation.swift; sourceTree = "<group>"; };
		4D8003D522253D0C00C310BB /* Currency.swift */ = {isa = PBXFileReference; lastKnownFileType = sourcecode.swift; path = Currency.swift; sourceTree = "<group>"; };
		4D8D2BEF221D872C001D24B5 /* Assets.xcassets */ = {isa = PBXFileReference; lastKnownFileType = folder.assetcatalog; path = Assets.xcassets; sourceTree = "<group>"; };
		4D8D2BF1221D88AB001D24B5 /* ExchangeRateViewController.swift */ = {isa = PBXFileReference; lastKnownFileType = sourcecode.swift; path = ExchangeRateViewController.swift; sourceTree = "<group>"; };
		4DA477C82229277C00FF37BE /* BaluchonTests.xctest */ = {isa = PBXFileReference; explicitFileType = wrapper.cfbundle; includeInIndex = 0; path = BaluchonTests.xctest; sourceTree = BUILT_PRODUCTS_DIR; };
		4DA477CC2229277C00FF37BE /* Info.plist */ = {isa = PBXFileReference; lastKnownFileType = text.plist.xml; path = Info.plist; sourceTree = "<group>"; };
		4DA477D2222927BA00FF37BE /* ExchangeRateServiceTestCase.swift */ = {isa = PBXFileReference; lastKnownFileType = sourcecode.swift; path = ExchangeRateServiceTestCase.swift; sourceTree = "<group>"; };
		4DA477D82229287D00FF37BE /* CityWeather.json */ = {isa = PBXFileReference; lastKnownFileType = text.json; path = CityWeather.json; sourceTree = "<group>"; };
		4DA477DA222928DB00FF37BE /* ExchangeRate.json */ = {isa = PBXFileReference; lastKnownFileType = text.json; path = ExchangeRate.json; sourceTree = "<group>"; };
		4DA477DE222929CA00FF37BE /* FakeResponseData.swift */ = {isa = PBXFileReference; lastKnownFileType = sourcecode.swift; path = FakeResponseData.swift; sourceTree = "<group>"; };
		4DA477E0222930C900FF37BE /* URLSessionFake.swift */ = {isa = PBXFileReference; lastKnownFileType = sourcecode.swift; path = URLSessionFake.swift; sourceTree = "<group>"; };
		4DA477E22229E31A00FF37BE /* WeatherServiceTestCase.swift */ = {isa = PBXFileReference; lastKnownFileType = sourcecode.swift; path = WeatherServiceTestCase.swift; sourceTree = "<group>"; };
		4DD8B9A0222D308800313764 /* APIKeys.swift */ = {isa = PBXFileReference; lastKnownFileType = sourcecode.swift; path = APIKeys.swift; sourceTree = "<group>"; };
		4DD8B9A2222D38C900313764 /* Translation.json */ = {isa = PBXFileReference; lastKnownFileType = text.json; path = Translation.json; sourceTree = "<group>"; };
		4DD8B9A6222D751B00313764 /* TranslateServiceTestCase.swift */ = {isa = PBXFileReference; lastKnownFileType = sourcecode.swift; path = TranslateServiceTestCase.swift; sourceTree = "<group>"; };
		4DFB654D221AC96C0039BE91 /* WeatherViewController.swift */ = {isa = PBXFileReference; lastKnownFileType = sourcecode.swift; path = WeatherViewController.swift; sourceTree = "<group>"; };
		4DFB654F221AC9860039BE91 /* TranslateViewController.swift */ = {isa = PBXFileReference; lastKnownFileType = sourcecode.swift; path = TranslateViewController.swift; sourceTree = "<group>"; };
		4DFB6551221ACEEB0039BE91 /* ExchangeRateService.swift */ = {isa = PBXFileReference; lastKnownFileType = sourcecode.swift; path = ExchangeRateService.swift; sourceTree = "<group>"; };
		4DFB6553221AE40F0039BE91 /* ExchangeRate.swift */ = {isa = PBXFileReference; lastKnownFileType = sourcecode.swift; path = ExchangeRate.swift; sourceTree = "<group>"; };
/* End PBXFileReference section */

/* Begin PBXFrameworksBuildPhase section */
		4D16A57722082A78003BD7AD /* Frameworks */ = {
			isa = PBXFrameworksBuildPhase;
			buildActionMask = 2147483647;
			files = (
			);
			runOnlyForDeploymentPostprocessing = 0;
		};
		4DA477C52229277C00FF37BE /* Frameworks */ = {
			isa = PBXFrameworksBuildPhase;
			buildActionMask = 2147483647;
			files = (
			);
			runOnlyForDeploymentPostprocessing = 0;
		};
/* End PBXFrameworksBuildPhase section */

/* Begin PBXGroup section */
		4D16A57122082A78003BD7AD = {
			isa = PBXGroup;
			children = (
				4D16A57C22082A78003BD7AD /* Baluchon */,
				4DA477C92229277C00FF37BE /* BaluchonTests */,
				4D16A57B22082A78003BD7AD /* Products */,
			);
			sourceTree = "<group>";
		};
		4D16A57B22082A78003BD7AD /* Products */ = {
			isa = PBXGroup;
			children = (
				4D16A57A22082A78003BD7AD /* Baluchon.app */,
				4DA477C82229277C00FF37BE /* BaluchonTests.xctest */,
			);
			name = Products;
			sourceTree = "<group>";
		};
		4D16A57C22082A78003BD7AD /* Baluchon */ = {
			isa = PBXGroup;
			children = (
				4D8D2BEF221D872C001D24B5 /* Assets.xcassets */,
				4D16A57D22082A78003BD7AD /* AppDelegate.swift */,
				4D16A59D22082BC0003BD7AD /* Model */,
				4D16A59F22082BF0003BD7AD /* Controler */,
				4D16A59E22082BDB003BD7AD /* View */,
				4D16A58922082A78003BD7AD /* Info.plist */,
			);
			path = Baluchon;
			sourceTree = "<group>";
		};
		4D16A59D22082BC0003BD7AD /* Model */ = {
			isa = PBXGroup;
			children = (
				4DFB6551221ACEEB0039BE91 /* ExchangeRateService.swift */,
				4D8003CD222438BD00C310BB /* TranslateService.swift */,
				4D8003CF2224397F00C310BB /* WeatherService.swift */,
				4DFB6553221AE40F0039BE91 /* ExchangeRate.swift */,
				4D8003D522253D0C00C310BB /* Currency.swift */,
				4D8003D1222439A000C310BB /* CityWeather.swift */,
				4D8003D3222439B800C310BB /* Translation.swift */,
				4DD8B9A0222D308800313764 /* APIKeys.swift */,
			);
			path = Model;
			sourceTree = "<group>";
		};
		4D16A59E22082BDB003BD7AD /* View */ = {
			isa = PBXGroup;
			children = (
				4D16A58122082A78003BD7AD /* Main.storyboard */,
				4D16A58622082A78003BD7AD /* LaunchScreen.storyboard */,
				4D379A69221FFF0600F2C9EB /* TabBarSetup.swift */,
			);
			path = View;
			sourceTree = "<group>";
		};
		4D16A59F22082BF0003BD7AD /* Controler */ = {
			isa = PBXGroup;
			children = (
				4D8D2BF1221D88AB001D24B5 /* ExchangeRateViewController.swift */,
				4DFB654F221AC9860039BE91 /* TranslateViewController.swift */,
				4DFB654D221AC96C0039BE91 /* WeatherViewController.swift */,
			);
			path = Controler;
			sourceTree = "<group>";
		};
		4DA477C92229277C00FF37BE /* BaluchonTests */ = {
			isa = PBXGroup;
			children = (
				4DA477CC2229277C00FF37BE /* Info.plist */,
				4DA477D82229287D00FF37BE /* CityWeather.json */,
				4DA477DA222928DB00FF37BE /* ExchangeRate.json */,
				4DD8B9A2222D38C900313764 /* Translation.json */,
				4DA477DE222929CA00FF37BE /* FakeResponseData.swift */,
				4DA477E0222930C900FF37BE /* URLSessionFake.swift */,
				4DA477D2222927BA00FF37BE /* ExchangeRateServiceTestCase.swift */,
				4DA477E22229E31A00FF37BE /* WeatherServiceTestCase.swift */,
				4DD8B9A6222D751B00313764 /* TranslateServiceTestCase.swift */,
			);
			path = BaluchonTests;
			sourceTree = "<group>";
		};
/* End PBXGroup section */

/* Begin PBXNativeTarget section */
		4D16A57922082A78003BD7AD /* Baluchon */ = {
			isa = PBXNativeTarget;
			buildConfigurationList = 4D16A59722082A78003BD7AD /* Build configuration list for PBXNativeTarget "Baluchon" */;
			buildPhases = (
				4D16A57622082A78003BD7AD /* Sources */,
				4D16A57722082A78003BD7AD /* Frameworks */,
				4D16A57822082A78003BD7AD /* Resources */,
			);
			buildRules = (
			);
			dependencies = (
			);
			name = Baluchon;
			productName = Baluchon;
			productReference = 4D16A57A22082A78003BD7AD /* Baluchon.app */;
			productType = "com.apple.product-type.application";
		};
		4DA477C72229277C00FF37BE /* BaluchonTests */ = {
			isa = PBXNativeTarget;
			buildConfigurationList = 4DA477CF2229277C00FF37BE /* Build configuration list for PBXNativeTarget "BaluchonTests" */;
			buildPhases = (
				4DA477C42229277C00FF37BE /* Sources */,
				4DA477C52229277C00FF37BE /* Frameworks */,
				4DA477C62229277C00FF37BE /* Resources */,
			);
			buildRules = (
			);
			dependencies = (
				4DA477CE2229277C00FF37BE /* PBXTargetDependency */,
			);
			name = BaluchonTests;
			productName = BaluchonTests;
			productReference = 4DA477C82229277C00FF37BE /* BaluchonTests.xctest */;
			productType = "com.apple.product-type.bundle.unit-test";
		};
/* End PBXNativeTarget section */

/* Begin PBXProject section */
		4D16A57222082A78003BD7AD /* Project object */ = {
			isa = PBXProject;
			attributes = {
				LastSwiftUpdateCheck = 1010;
				LastUpgradeCheck = 1010;
				ORGANIZATIONNAME = OpenClassrooms;
				TargetAttributes = {
					4D16A57922082A78003BD7AD = {
						CreatedOnToolsVersion = 10.1;
					};
					4DA477C72229277C00FF37BE = {
						CreatedOnToolsVersion = 10.1;
						LastSwiftMigration = 1010;
						TestTargetID = 4D16A57922082A78003BD7AD;
					};
				};
			};
			buildConfigurationList = 4D16A57522082A78003BD7AD /* Build configuration list for PBXProject "Baluchon" */;
			compatibilityVersion = "Xcode 9.3";
			developmentRegion = en;
			hasScannedForEncodings = 0;
			knownRegions = (
				en,
				Base,
			);
			mainGroup = 4D16A57122082A78003BD7AD;
			productRefGroup = 4D16A57B22082A78003BD7AD /* Products */;
			projectDirPath = "";
			projectRoot = "";
			targets = (
				4D16A57922082A78003BD7AD /* Baluchon */,
				4DA477C72229277C00FF37BE /* BaluchonTests */,
			);
		};
/* End PBXProject section */

/* Begin PBXResourcesBuildPhase section */
		4D16A57822082A78003BD7AD /* Resources */ = {
			isa = PBXResourcesBuildPhase;
			buildActionMask = 2147483647;
			files = (
				4D16A58822082A78003BD7AD /* LaunchScreen.storyboard in Resources */,
				4D8D2BF0221D872C001D24B5 /* Assets.xcassets in Resources */,
				4D16A58322082A78003BD7AD /* Main.storyboard in Resources */,
			);
			runOnlyForDeploymentPostprocessing = 0;
		};
		4DA477C62229277C00FF37BE /* Resources */ = {
			isa = PBXResourcesBuildPhase;
			buildActionMask = 2147483647;
			files = (
				4DA477DB222928DB00FF37BE /* ExchangeRate.json in Resources */,
				4DA477D92229287D00FF37BE /* CityWeather.json in Resources */,
				4DD8B9A3222D38C900313764 /* Translation.json in Resources */,
			);
			runOnlyForDeploymentPostprocessing = 0;
		};
/* End PBXResourcesBuildPhase section */

/* Begin PBXSourcesBuildPhase section */
		4D16A57622082A78003BD7AD /* Sources */ = {
			isa = PBXSourcesBuildPhase;
			buildActionMask = 2147483647;
			files = (
				4D8003CE222438BD00C310BB /* TranslateService.swift in Sources */,
				4D8003D02224397F00C310BB /* WeatherService.swift in Sources */,
				4DD8B9A1222D308800313764 /* APIKeys.swift in Sources */,
				4D379A6A221FFF0600F2C9EB /* TabBarSetup.swift in Sources */,
				4D8003D622253D0C00C310BB /* Currency.swift in Sources */,
				4D8003D4222439B800C310BB /* Translation.swift in Sources */,
				4D8D2BF2221D88AB001D24B5 /* ExchangeRateViewController.swift in Sources */,
				4D8003D2222439A000C310BB /* CityWeather.swift in Sources */,
				4DFB6552221ACEEB0039BE91 /* ExchangeRateService.swift in Sources */,
				4DFB6550221AC9860039BE91 /* TranslateViewController.swift in Sources */,
				4DFB654E221AC96C0039BE91 /* WeatherViewController.swift in Sources */,
				4DFB6554221AE40F0039BE91 /* ExchangeRate.swift in Sources */,
				4D16A57E22082A78003BD7AD /* AppDelegate.swift in Sources */,
			);
			runOnlyForDeploymentPostprocessing = 0;
		};
		4DA477C42229277C00FF37BE /* Sources */ = {
			isa = PBXSourcesBuildPhase;
			buildActionMask = 2147483647;
			files = (
				4DA477E32229E31A00FF37BE /* WeatherServiceTestCase.swift in Sources */,
				4DA477DF222929CA00FF37BE /* FakeResponseData.swift in Sources */,
				4DD8B9A7222D751B00313764 /* TranslateServiceTestCase.swift in Sources */,
				4DA477E1222930C900FF37BE /* URLSessionFake.swift in Sources */,
				4DA477D3222927BA00FF37BE /* ExchangeRateServiceTestCase.swift in Sources */,
			);
			runOnlyForDeploymentPostprocessing = 0;
		};
/* End PBXSourcesBuildPhase section */

/* Begin PBXTargetDependency section */
		4DA477CE2229277C00FF37BE /* PBXTargetDependency */ = {
			isa = PBXTargetDependency;
			target = 4D16A57922082A78003BD7AD /* Baluchon */;
			targetProxy = 4DA477CD2229277C00FF37BE /* PBXContainerItemProxy */;
		};
/* End PBXTargetDependency section */

/* Begin PBXVariantGroup section */
		4D16A58122082A78003BD7AD /* Main.storyboard */ = {
			isa = PBXVariantGroup;
			children = (
				4D16A58222082A78003BD7AD /* Base */,
			);
			name = Main.storyboard;
			sourceTree = "<group>";
		};
		4D16A58622082A78003BD7AD /* LaunchScreen.storyboard */ = {
			isa = PBXVariantGroup;
			children = (
				4D16A58722082A78003BD7AD /* Base */,
			);
			name = LaunchScreen.storyboard;
			sourceTree = "<group>";
		};
/* End PBXVariantGroup section */

/* Begin XCBuildConfiguration section */
		4D16A59522082A78003BD7AD /* Debug */ = {
			isa = XCBuildConfiguration;
			buildSettings = {
				ALWAYS_SEARCH_USER_PATHS = NO;
				CLANG_ANALYZER_NONNULL = YES;
				CLANG_ANALYZER_NUMBER_OBJECT_CONVERSION = YES_AGGRESSIVE;
				CLANG_CXX_LANGUAGE_STANDARD = "gnu++14";
				CLANG_CXX_LIBRARY = "libc++";
				CLANG_ENABLE_MODULES = YES;
				CLANG_ENABLE_OBJC_ARC = YES;
				CLANG_ENABLE_OBJC_WEAK = YES;
				CLANG_WARN_BLOCK_CAPTURE_AUTORELEASING = YES;
				CLANG_WARN_BOOL_CONVERSION = YES;
				CLANG_WARN_COMMA = YES;
				CLANG_WARN_CONSTANT_CONVERSION = YES;
				CLANG_WARN_DEPRECATED_OBJC_IMPLEMENTATIONS = YES;
				CLANG_WARN_DIRECT_OBJC_ISA_USAGE = YES_ERROR;
				CLANG_WARN_DOCUMENTATION_COMMENTS = YES;
				CLANG_WARN_EMPTY_BODY = YES;
				CLANG_WARN_ENUM_CONVERSION = YES;
				CLANG_WARN_INFINITE_RECURSION = YES;
				CLANG_WARN_INT_CONVERSION = YES;
				CLANG_WARN_NON_LITERAL_NULL_CONVERSION = YES;
				CLANG_WARN_OBJC_IMPLICIT_RETAIN_SELF = YES;
				CLANG_WARN_OBJC_LITERAL_CONVERSION = YES;
				CLANG_WARN_OBJC_ROOT_CLASS = YES_ERROR;
				CLANG_WARN_RANGE_LOOP_ANALYSIS = YES;
				CLANG_WARN_STRICT_PROTOTYPES = YES;
				CLANG_WARN_SUSPICIOUS_MOVE = YES;
				CLANG_WARN_UNGUARDED_AVAILABILITY = YES_AGGRESSIVE;
				CLANG_WARN_UNREACHABLE_CODE = YES;
				CLANG_WARN__DUPLICATE_METHOD_MATCH = YES;
				CODE_SIGN_IDENTITY = "iPhone Developer";
				COPY_PHASE_STRIP = NO;
				DEBUG_INFORMATION_FORMAT = dwarf;
				ENABLE_STRICT_OBJC_MSGSEND = YES;
				ENABLE_TESTABILITY = YES;
				GCC_C_LANGUAGE_STANDARD = gnu11;
				GCC_DYNAMIC_NO_PIC = NO;
				GCC_NO_COMMON_BLOCKS = YES;
				GCC_OPTIMIZATION_LEVEL = 0;
				GCC_PREPROCESSOR_DEFINITIONS = (
					"DEBUG=1",
					"$(inherited)",
				);
				GCC_WARN_64_TO_32_BIT_CONVERSION = YES;
				GCC_WARN_ABOUT_RETURN_TYPE = YES_ERROR;
				GCC_WARN_UNDECLARED_SELECTOR = YES;
				GCC_WARN_UNINITIALIZED_AUTOS = YES_AGGRESSIVE;
				GCC_WARN_UNUSED_FUNCTION = YES;
				GCC_WARN_UNUSED_VARIABLE = YES;
				IPHONEOS_DEPLOYMENT_TARGET = 11.0;
				MTL_ENABLE_DEBUG_INFO = INCLUDE_SOURCE;
				MTL_FAST_MATH = YES;
				ONLY_ACTIVE_ARCH = YES;
				SDKROOT = iphoneos;
				SWIFT_ACTIVE_COMPILATION_CONDITIONS = DEBUG;
				SWIFT_OPTIMIZATION_LEVEL = "-Onone";
			};
			name = Debug;
		};
		4D16A59622082A78003BD7AD /* Release */ = {
			isa = XCBuildConfiguration;
			buildSettings = {
				ALWAYS_SEARCH_USER_PATHS = NO;
				CLANG_ANALYZER_NONNULL = YES;
				CLANG_ANALYZER_NUMBER_OBJECT_CONVERSION = YES_AGGRESSIVE;
				CLANG_CXX_LANGUAGE_STANDARD = "gnu++14";
				CLANG_CXX_LIBRARY = "libc++";
				CLANG_ENABLE_MODULES = YES;
				CLANG_ENABLE_OBJC_ARC = YES;
				CLANG_ENABLE_OBJC_WEAK = YES;
				CLANG_WARN_BLOCK_CAPTURE_AUTORELEASING = YES;
				CLANG_WARN_BOOL_CONVERSION = YES;
				CLANG_WARN_COMMA = YES;
				CLANG_WARN_CONSTANT_CONVERSION = YES;
				CLANG_WARN_DEPRECATED_OBJC_IMPLEMENTATIONS = YES;
				CLANG_WARN_DIRECT_OBJC_ISA_USAGE = YES_ERROR;
				CLANG_WARN_DOCUMENTATION_COMMENTS = YES;
				CLANG_WARN_EMPTY_BODY = YES;
				CLANG_WARN_ENUM_CONVERSION = YES;
				CLANG_WARN_INFINITE_RECURSION = YES;
				CLANG_WARN_INT_CONVERSION = YES;
				CLANG_WARN_NON_LITERAL_NULL_CONVERSION = YES;
				CLANG_WARN_OBJC_IMPLICIT_RETAIN_SELF = YES;
				CLANG_WARN_OBJC_LITERAL_CONVERSION = YES;
				CLANG_WARN_OBJC_ROOT_CLASS = YES_ERROR;
				CLANG_WARN_RANGE_LOOP_ANALYSIS = YES;
				CLANG_WARN_STRICT_PROTOTYPES = YES;
				CLANG_WARN_SUSPICIOUS_MOVE = YES;
				CLANG_WARN_UNGUARDED_AVAILABILITY = YES_AGGRESSIVE;
				CLANG_WARN_UNREACHABLE_CODE = YES;
				CLANG_WARN__DUPLICATE_METHOD_MATCH = YES;
				CODE_SIGN_IDENTITY = "iPhone Developer";
				COPY_PHASE_STRIP = NO;
				DEBUG_INFORMATION_FORMAT = "dwarf-with-dsym";
				ENABLE_NS_ASSERTIONS = NO;
				ENABLE_STRICT_OBJC_MSGSEND = YES;
				GCC_C_LANGUAGE_STANDARD = gnu11;
				GCC_NO_COMMON_BLOCKS = YES;
				GCC_WARN_64_TO_32_BIT_CONVERSION = YES;
				GCC_WARN_ABOUT_RETURN_TYPE = YES_ERROR;
				GCC_WARN_UNDECLARED_SELECTOR = YES;
				GCC_WARN_UNINITIALIZED_AUTOS = YES_AGGRESSIVE;
				GCC_WARN_UNUSED_FUNCTION = YES;
				GCC_WARN_UNUSED_VARIABLE = YES;
				IPHONEOS_DEPLOYMENT_TARGET = 11.0;
				MTL_ENABLE_DEBUG_INFO = NO;
				MTL_FAST_MATH = YES;
				SDKROOT = iphoneos;
				SWIFT_COMPILATION_MODE = wholemodule;
				SWIFT_OPTIMIZATION_LEVEL = "-O";
				VALIDATE_PRODUCT = YES;
			};
			name = Release;
		};
		4D16A59822082A78003BD7AD /* Debug */ = {
			isa = XCBuildConfiguration;
			buildSettings = {
				ASSETCATALOG_COMPILER_APPICON_NAME = AppIcon;
				CODE_SIGN_STYLE = Automatic;
				DEVELOPMENT_TEAM = Q9VHCJ3UG6;
				INFOPLIST_FILE = Baluchon/Info.plist;
				LD_RUNPATH_SEARCH_PATHS = (
					"$(inherited)",
					"@executable_path/Frameworks",
				);
				PRODUCT_BUNDLE_IDENTIFIER = com.sebastien.sarrazin.Baluchon;
				PRODUCT_NAME = "$(TARGET_NAME)";
				SWIFT_VERSION = 4.2;
				TARGETED_DEVICE_FAMILY = "1,2";
			};
			name = Debug;
		};
		4D16A59922082A78003BD7AD /* Release */ = {
			isa = XCBuildConfiguration;
			buildSettings = {
				ASSETCATALOG_COMPILER_APPICON_NAME = AppIcon;
				CODE_SIGN_STYLE = Automatic;
				DEVELOPMENT_TEAM = Q9VHCJ3UG6;
				INFOPLIST_FILE = Baluchon/Info.plist;
				LD_RUNPATH_SEARCH_PATHS = (
					"$(inherited)",
					"@executable_path/Frameworks",
				);
				PRODUCT_BUNDLE_IDENTIFIER = com.sebastien.sarrazin.Baluchon;
				PRODUCT_NAME = "$(TARGET_NAME)";
				SWIFT_VERSION = 4.2;
				TARGETED_DEVICE_FAMILY = "1,2";
			};
			name = Release;
		};
		4DA477D02229277C00FF37BE /* Debug */ = {
			isa = XCBuildConfiguration;
			buildSettings = {
				BUNDLE_LOADER = "$(TEST_HOST)";
				CLANG_ENABLE_MODULES = YES;
				CODE_SIGN_STYLE = Automatic;
				DEVELOPMENT_TEAM = Q9VHCJ3UG6;
				INFOPLIST_FILE = BaluchonTests/Info.plist;
				IPHONEOS_DEPLOYMENT_TARGET = 12.1;
				LD_RUNPATH_SEARCH_PATHS = (
					"$(inherited)",
					"@executable_path/Frameworks",
					"@loader_path/Frameworks",
				);
				PRODUCT_BUNDLE_IDENTIFIER = com.sebastien.sarrazin.BaluchonTests;
				PRODUCT_NAME = "$(TARGET_NAME)";
				SWIFT_OPTIMIZATION_LEVEL = "-Onone";
				SWIFT_VERSION = 4.2;
				TARGETED_DEVICE_FAMILY = "1,2";
				TEST_HOST = "$(BUILT_PRODUCTS_DIR)/Baluchon.app/Baluchon";
			};
			name = Debug;
		};
		4DA477D12229277C00FF37BE /* Release */ = {
			isa = XCBuildConfiguration;
			buildSettings = {
				BUNDLE_LOADER = "$(TEST_HOST)";
				CLANG_ENABLE_MODULES = YES;
				CODE_SIGN_STYLE = Automatic;
				DEVELOPMENT_TEAM = Q9VHCJ3UG6;
				INFOPLIST_FILE = BaluchonTests/Info.plist;
				IPHONEOS_DEPLOYMENT_TARGET = 12.1;
				LD_RUNPATH_SEARCH_PATHS = (
					"$(inherited)",
					"@executable_path/Frameworks",
					"@loader_path/Frameworks",
				);
				PRODUCT_BUNDLE_IDENTIFIER = com.sebastien.sarrazin.BaluchonTests;
				PRODUCT_NAME = "$(TARGET_NAME)";
				SWIFT_VERSION = 4.2;
				TARGETED_DEVICE_FAMILY = "1,2";
				TEST_HOST = "$(BUILT_PRODUCTS_DIR)/Baluchon.app/Baluchon";
			};
			name = Release;
		};
/* End XCBuildConfiguration section */

/* Begin XCConfigurationList section */
		4D16A57522082A78003BD7AD /* Build configuration list for PBXProject "Baluchon" */ = {
			isa = XCConfigurationList;
			buildConfigurations = (
				4D16A59522082A78003BD7AD /* Debug */,
				4D16A59622082A78003BD7AD /* Release */,
			);
			defaultConfigurationIsVisible = 0;
			defaultConfigurationName = Release;
		};
		4D16A59722082A78003BD7AD /* Build configuration list for PBXNativeTarget "Baluchon" */ = {
			isa = XCConfigurationList;
			buildConfigurations = (
				4D16A59822082A78003BD7AD /* Debug */,
				4D16A59922082A78003BD7AD /* Release */,
			);
			defaultConfigurationIsVisible = 0;
			defaultConfigurationName = Release;
		};
		4DA477CF2229277C00FF37BE /* Build configuration list for PBXNativeTarget "BaluchonTests" */ = {
			isa = XCConfigurationList;
			buildConfigurations = (
				4DA477D02229277C00FF37BE /* Debug */,
				4DA477D12229277C00FF37BE /* Release */,
			);
			defaultConfigurationIsVisible = 0;
			defaultConfigurationName = Release;
		};
/* End XCConfigurationList section */
	};
	rootObject = 4D16A57222082A78003BD7AD /* Project object */;
}
